
Microsoft Visual Studio Solution File, Format Version 12.00
# Visual Studio Version 16
VisualStudioVersion = 16.0.808.4
MinimumVisualStudioVersion = 10.0.40219.1
Project("{FAE04EC0-301F-11D3-BF4B-00C04F79EFBC}") = "ByteDance-Popular", "ByteDance-Popular\ByteDance-Popular.csproj", "{10B74331-1A54-4F52-8B72-79B3DCCA9AC3}"
EndProject
Global
	GlobalSection(SolutionConfigurationPlatforms) = preSolution
		Debug|anycpu = Debug|anycpu
		Release|anycpu = Release|anycpu
	EndGlobalSection
	GlobalSection(ProjectConfigurationPlatforms) = postSolution
		{10B74331-1A54-4F52-8B72-79B3DCCA9AC3}.Debug|anycpu.ActiveCfg = Debug|anycpu
		{10B74331-1A54-4F52-8B72-79B3DCCA9AC3}.Debug|anycpu.Build.0 = Debug|anycpu
		{10B74331-1A54-4F52-8B72-79B3DCCA9AC3}.Release|anycpu.ActiveCfg = Release|anycpu
		{10B74331-1A54-4F52-8B72-79B3DCCA9AC3}.Release|anycpu.Build.0 = Release|anycpu
	EndGlobalSection
	GlobalSection(SolutionProperties) = preSolution
		HideSolutionNode = FALSE
	EndGlobalSection
	GlobalSection(ExtensibilityGlobals) = postSolution
		SolutionGuid = {B38D220E-3B06-495A-91C6-201CA51FFB0C}
	EndGlobalSection
EndGlobal
